<?xml version="1.0" encoding="UTF-8" standalone="yes" ?>
<CodeBlocks_project_file>
   <FileVersion major="1" minor="6" />
   <Project>
      <Option title="reader_writer" />
      <Option makefile_is_custom="1" />
      <Option compiler="gcc" />
      <Option virtualFolders="CMake Files\;" />
      <Build>
      <Target title="all">
         <Option working_dir="/home/cat/OS_LAB5/reader-writer" />
         <Option type="4" />
         <MakeCommands>
            <Build command="/usr/bin/make -f &quot;/home/cat/OS_LAB5/reader-writer/Makefile&quot;  VERBOSE=1 all" />
            <CompileFile command="/usr/bin/make -f &quot;/home/cat/OS_LAB5/reader-writer/Makefile&quot;  VERBOSE=1 &quot;$file&quot;" />
            <Clean command="/usr/bin/make -f &quot;/home/cat/OS_LAB5/reader-writer/Makefile&quot;  VERBOSE=1 clean" />
            <DistClean command="/usr/bin/make -f &quot;/home/cat/OS_LAB5/reader-writer/Makefile&quot;  VERBOSE=1 clean" />
         </MakeCommands>
      </Target>
      <Target title="edit_cache">
         <Option working_dir="/home/cat/OS_LAB5/reader-writer" />
         <Option type="4" />
         <MakeCommands>
            <Build command="/usr/bin/make -f &quot;/home/cat/OS_LAB5/reader-writer/Makefile&quot;  VERBOSE=1 edit_cache" />
            <CompileFile command="/usr/bin/make -f &quot;/home/cat/OS_LAB5/reader-writer/Makefile&quot;  VERBOSE=1 &quot;$file&quot;" />
            <Clean command="/usr/bin/make -f &quot;/home/cat/OS_LAB5/reader-writer/Makefile&quot;  VERBOSE=1 clean" />
            <DistClean command="/usr/bin/make -f &quot;/home/cat/OS_LAB5/reader-writer/Makefile&quot;  VERBOSE=1 clean" />
         </MakeCommands>
      </Target>
      <Target title="rebuild_cache">
         <Option working_dir="/home/cat/OS_LAB5/reader-writer" />
         <Option type="4" />
         <MakeCommands>
            <Build command="/usr/bin/make -f &quot;/home/cat/OS_LAB5/reader-writer/Makefile&quot;  VERBOSE=1 rebuild_cache" />
            <CompileFile command="/usr/bin/make -f &quot;/home/cat/OS_LAB5/reader-writer/Makefile&quot;  VERBOSE=1 &quot;$file&quot;" />
            <Clean command="/usr/bin/make -f &quot;/home/cat/OS_LAB5/reader-writer/Makefile&quot;  VERBOSE=1 clean" />
            <DistClean command="/usr/bin/make -f &quot;/home/cat/OS_LAB5/reader-writer/Makefile&quot;  VERBOSE=1 clean" />
         </MakeCommands>
      </Target>
      <Target title="reader_writer">
         <Option output="/home/cat/OS_LAB5/reader-writer/reader_writer" prefix_auto="0" extension_auto="0" />
         <Option working_dir="/home/cat/OS_LAB5/reader-writer" />
         <Option object_output="./" />
         <Option type="1" />
         <Option compiler="gcc" />
         <Compiler>
            <Add directory="/usr/include" />
            <Add directory="/usr/include/c++/5" />
            <Add directory="/usr/include/c++/5/backward" />
            <Add directory="/usr/include/x86_64-linux-gnu" />
            <Add directory="/usr/include/x86_64-linux-gnu/c++/5" />
            <Add directory="/usr/lib/gcc/x86_64-linux-gnu/5/include" />
            <Add directory="/usr/lib/gcc/x86_64-linux-gnu/5/include-fixed" />
            <Add directory="/usr/local/include" />
         </Compiler>
         <MakeCommands>
            <Build command="/usr/bin/make -f &quot;/home/cat/OS_LAB5/reader-writer/Makefile&quot;  VERBOSE=1 reader_writer" />
            <CompileFile command="/usr/bin/make -f &quot;/home/cat/OS_LAB5/reader-writer/Makefile&quot;  VERBOSE=1 &quot;$file&quot;" />
            <Clean command="/usr/bin/make -f &quot;/home/cat/OS_LAB5/reader-writer/Makefile&quot;  VERBOSE=1 clean" />
            <DistClean command="/usr/bin/make -f &quot;/home/cat/OS_LAB5/reader-writer/Makefile&quot;  VERBOSE=1 clean" />
         </MakeCommands>
      </Target>
      <Target title="reader_writer/fast">
         <Option output="/home/cat/OS_LAB5/reader-writer/reader_writer" prefix_auto="0" extension_auto="0" />
         <Option working_dir="/home/cat/OS_LAB5/reader-writer" />
         <Option object_output="./" />
         <Option type="1" />
         <Option compiler="gcc" />
         <Compiler>
            <Add directory="/usr/include" />
            <Add directory="/usr/include/c++/5" />
            <Add directory="/usr/include/c++/5/backward" />
            <Add directory="/usr/include/x86_64-linux-gnu" />
            <Add directory="/usr/include/x86_64-linux-gnu/c++/5" />
            <Add directory="/usr/lib/gcc/x86_64-linux-gnu/5/include" />
            <Add directory="/usr/lib/gcc/x86_64-linux-gnu/5/include-fixed" />
            <Add directory="/usr/local/include" />
         </Compiler>
         <MakeCommands>
            <Build command="/usr/bin/make -f &quot;/home/cat/OS_LAB5/reader-writer/Makefile&quot;  VERBOSE=1 reader_writer/fast" />
            <CompileFile command="/usr/bin/make -f &quot;/home/cat/OS_LAB5/reader-writer/Makefile&quot;  VERBOSE=1 &quot;$file&quot;" />
            <Clean command="/usr/bin/make -f &quot;/home/cat/OS_LAB5/reader-writer/Makefile&quot;  VERBOSE=1 clean" />
            <DistClean command="/usr/bin/make -f &quot;/home/cat/OS_LAB5/reader-writer/Makefile&quot;  VERBOSE=1 clean" />
         </MakeCommands>
      </Target>
      </Build>
      <Unit filename="/home/cat/OS_LAB5/reader-writer/Main_file.c">
         <Option target="reader_writer"/>
      </Unit>
      <Unit filename="/home/cat/OS_LAB5/reader-writer/read.h">
         <Option target="reader_writer"/>
      </Unit>
      <Unit filename="/home/cat/OS_LAB5/reader-writer/write.h">
         <Option target="reader_writer"/>
      </Unit>
      <Unit filename="/home/cat/OS_LAB5/reader-writer/CMakeLists.txt">
          <Option virtualFolder="CMake Files\" />
      </Unit>
   </Project>
</CodeBlocks_project_file>
